PODS:
  - ASIHTTPRequest (1.8.1):
    - ASIHTTPRequest/ASIWebPageRequest
    - ASIHTTPRequest/CloudFiles
    - ASIHTTPRequest/S3
    - Reachability
  - ASIHTTPRequest/ASIWebPageRequest (1.8.1):
    - Reachability
  - ASIHTTPRequest/CloudFiles (1.8.1):
    - Reachability
  - ASIHTTPRequest/S3 (1.8.1):
    - Reachability
  - FlatUIKit (1.0)
  - Reachability (3.1.0)

DEPENDENCIES:
  - ASIHTTPRequest
  - FlatUIKit

SPEC CHECKSUMS:
  ASIHTTPRequest: a411b8d0f006ed8fc24248be6a0c4ad2abc9b101
  FlatUIKit: 3d2c6375ed741a8e8ffe663a3c1fe52d84309f04
  Reachability: ba94ecd4eaa037be3d0588b38956672588530c5b

COCOAPODS: 0.18.1
